// !$*UTF8*$!
{
	archiveVersion = 1;
	classes = {
	};
	objectVersion = 50;
	objects = {

/* Begin PBXBuildFile section */
		7D0A400C23E71C1500EDCBBC /* PlayerController.swift in Sources */ = {isa = PBXBuildFile; fileRef = 7D0A400B23E71C1500EDCBBC /* PlayerController.swift */; };
		7D0E5C9A23E77CF8007FF24C /* CoreMusic.xcdatamodeld in Sources */ = {isa = PBXBuildFile; fileRef = 7D47567D23E7779A0080EAB2 /* CoreMusic.xcdatamodeld */; };
		7D0E5C9D23E8197D007FF24C /* Cells.swift in Sources */ = {isa = PBXBuildFile; fileRef = 7D0E5C9C23E8197D007FF24C /* Cells.swift */; };
		7D0E5C9F23E8CC3C007FF24C /* Protocols.swift in Sources */ = {isa = PBXBuildFile; fileRef = 7D0E5C9E23E8CC3C007FF24C /* Protocols.swift */; };
		7D47565823E76ADE0080EAB2 /* FavoritesController.swift in Sources */ = {isa = PBXBuildFile; fileRef = 7D47565723E76ADE0080EAB2 /* FavoritesController.swift */; };
		7D47568123E778100080EAB2 /* CoreDB.swift in Sources */ = {isa = PBXBuildFile; fileRef = 7D47568023E778100080EAB2 /* CoreDB.swift */; };
		7D639E9523E4AD0300F5ECF8 /* AppDelegate.swift in Sources */ = {isa = PBXBuildFile; fileRef = 7D639E9423E4AD0300F5ECF8 /* AppDelegate.swift */; };
		7D639E9723E4AD0300F5ECF8 /* SceneDelegate.swift in Sources */ = {isa = PBXBuildFile; fileRef = 7D639E9623E4AD0300F5ECF8 /* SceneDelegate.swift */; };
		7D639E9923E4AD0300F5ECF8 /* SearchController.swift in Sources */ = {isa = PBXBuildFile; fileRef = 7D639E9823E4AD0300F5ECF8 /* SearchController.swift */; };
		7D639E9C23E4AD0300F5ECF8 /* Main.storyboard in Resources */ = {isa = PBXBuildFile; fileRef = 7D639E9A23E4AD0300F5ECF8 /* Main.storyboard */; };
		7D639E9E23E4AD0400F5ECF8 /* Assets.xcassets in Resources */ = {isa = PBXBuildFile; fileRef = 7D639E9D23E4AD0400F5ECF8 /* Assets.xcassets */; };
		7D639EAD23E6CD3C00F5ECF8 /* JsonModels.swift in Sources */ = {isa = PBXBuildFile; fileRef = 7D639EAC23E6CD3C00F5ECF8 /* JsonModels.swift */; };
		7D639EB123E6F54400F5ECF8 /* MusicData.swift in Sources */ = {isa = PBXBuildFile; fileRef = 7D639EB023E6F54400F5ECF8 /* MusicData.swift */; };
		7D639EB323E6F7A000F5ECF8 /* Artist.swift in Sources */ = {isa = PBXBuildFile; fileRef = 7D639EB223E6F7A000F5ECF8 /* Artist.swift */; };
/* End PBXBuildFile section */

/* Begin PBXFileReference section */
		7D0A400B23E71C1500EDCBBC /* PlayerController.swift */ = {isa = PBXFileReference; lastKnownFileType = sourcecode.swift; path = PlayerController.swift; sourceTree = "<group>"; };
		7D0E5C9C23E8197D007FF24C /* Cells.swift */ = {isa = PBXFileReference; lastKnownFileType = sourcecode.swift; path = Cells.swift; sourceTree = "<group>"; };
		7D0E5C9E23E8CC3C007FF24C /* Protocols.swift */ = {isa = PBXFileReference; lastKnownFileType = sourcecode.swift; path = Protocols.swift; sourceTree = "<group>"; };
		7D47565723E76ADE0080EAB2 /* FavoritesController.swift */ = {isa = PBXFileReference; lastKnownFileType = sourcecode.swift; path = FavoritesController.swift; sourceTree = "<group>"; };
		7D47567E23E7779A0080EAB2 /* Music.xcdatamodel */ = {isa = PBXFileReference; lastKnownFileType = wrapper.xcdatamodel; path = Music.xcdatamodel; sourceTree = "<group>"; };
		7D47568023E778100080EAB2 /* CoreDB.swift */ = {isa = PBXFileReference; lastKnownFileType = sourcecode.swift; path = CoreDB.swift; sourceTree = "<group>"; };
		7D639E9123E4AD0300F5ECF8 /* Music.app */ = {isa = PBXFileReference; explicitFileType = wrapper.application; includeInIndex = 0; path = Music.app; sourceTree = BUILT_PRODUCTS_DIR; };
		7D639E9423E4AD0300F5ECF8 /* AppDelegate.swift */ = {isa = PBXFileReference; lastKnownFileType = sourcecode.swift; path = AppDelegate.swift; sourceTree = "<group>"; };
		7D639E9623E4AD0300F5ECF8 /* SceneDelegate.swift */ = {isa = PBXFileReference; lastKnownFileType = sourcecode.swift; path = SceneDelegate.swift; sourceTree = "<group>"; };
		7D639E9823E4AD0300F5ECF8 /* SearchController.swift */ = {isa = PBXFileReference; lastKnownFileType = sourcecode.swift; path = SearchController.swift; sourceTree = "<group>"; };
		7D639E9B23E4AD0300F5ECF8 /* Base */ = {isa = PBXFileReference; lastKnownFileType = file.storyboard; name = Base; path = Base.lproj/Main.storyboard; sourceTree = "<group>"; };
		7D639E9D23E4AD0400F5ECF8 /* Assets.xcassets */ = {isa = PBXFileReference; lastKnownFileType = folder.assetcatalog; path = Assets.xcassets; sourceTree = "<group>"; };
		7D639EA223E4AD0400F5ECF8 /* Info.plist */ = {isa = PBXFileReference; lastKnownFileType = text.plist.xml; path = Info.plist; sourceTree = "<group>"; };
		7D639EAC23E6CD3C00F5ECF8 /* JsonModels.swift */ = {isa = PBXFileReference; lastKnownFileType = sourcecode.swift; path = JsonModels.swift; sourceTree = "<group>"; };
		7D639EB023E6F54400F5ECF8 /* MusicData.swift */ = {isa = PBXFileReference; lastKnownFileType = sourcecode.swift; path = MusicData.swift; sourceTree = "<group>"; };
		7D639EB223E6F7A000F5ECF8 /* Artist.swift */ = {isa = PBXFileReference; lastKnownFileType = sourcecode.swift; path = Artist.swift; sourceTree = "<group>"; };
/* End PBXFileReference section */

/* Begin PBXFrameworksBuildPhase section */
		7D639E8E23E4AD0300F5ECF8 /* Frameworks */ = {
			isa = PBXFrameworksBuildPhase;
			buildActionMask = 2147483647;
			files = (
			);
			runOnlyForDeploymentPostprocessing = 0;
		};
/* End PBXFrameworksBuildPhase section */

/* Begin PBXGroup section */
		7D0A400A23E715EA00EDCBBC /* View Controllers */ = {
			isa = PBXGroup;
			children = (
				7D639E9823E4AD0300F5ECF8 /* SearchController.swift */,
				7D0A400B23E71C1500EDCBBC /* PlayerController.swift */,
				7D47565723E76ADE0080EAB2 /* FavoritesController.swift */,
			);
			path = "View Controllers";
			sourceTree = "<group>";
		};
		7D47565923E776580080EAB2 /* Models */ = {
			isa = PBXGroup;
			children = (
				7D639EAC23E6CD3C00F5ECF8 /* JsonModels.swift */,
				7D639EB223E6F7A000F5ECF8 /* Artist.swift */,
			);
			path = Models;
			sourceTree = "<group>";
		};
		7D639E8823E4AD0300F5ECF8 = {
			isa = PBXGroup;
			children = (
				7D639E9323E4AD0300F5ECF8 /* Music */,
				7D639E9223E4AD0300F5ECF8 /* Products */,
			);
			sourceTree = "<group>";
		};
		7D639E9223E4AD0300F5ECF8 /* Products */ = {
			isa = PBXGroup;
			children = (
				7D639E9123E4AD0300F5ECF8 /* Music.app */,
			);
			name = Products;
			sourceTree = "<group>";
		};
		7D639E9323E4AD0300F5ECF8 /* Music */ = {
			isa = PBXGroup;
			children = (
				7D639E9423E4AD0300F5ECF8 /* AppDelegate.swift */,
				7D639E9623E4AD0300F5ECF8 /* SceneDelegate.swift */,
				7D639E9A23E4AD0300F5ECF8 /* Main.storyboard */,
				7D0A400A23E715EA00EDCBBC /* View Controllers */,
				7D47565923E776580080EAB2 /* Models */,
				7D0E5C9C23E8197D007FF24C /* Cells.swift */,
				7D639EB023E6F54400F5ECF8 /* MusicData.swift */,
				7D47568023E778100080EAB2 /* CoreDB.swift */,
				7D0E5C9E23E8CC3C007FF24C /* Protocols.swift */,
				7D639E9D23E4AD0400F5ECF8 /* Assets.xcassets */,
				7D639EA223E4AD0400F5ECF8 /* Info.plist */,
				7D47567D23E7779A0080EAB2 /* CoreMusic.xcdatamodeld */,
			);
			path = Music;
			sourceTree = "<group>";
		};
/* End PBXGroup section */

/* Begin PBXNativeTarget section */
		7D639E9023E4AD0300F5ECF8 /* Music */ = {
			isa = PBXNativeTarget;
			buildConfigurationList = 7D639EA523E4AD0400F5ECF8 /* Build configuration list for PBXNativeTarget "Music" */;
			buildPhases = (
				7D639E8D23E4AD0300F5ECF8 /* Sources */,
				7D639E8E23E4AD0300F5ECF8 /* Frameworks */,
				7D639E8F23E4AD0300F5ECF8 /* Resources */,
			);
			buildRules = (
			);
			dependencies = (
			);
			name = Music;
			productName = Music;
			productReference = 7D639E9123E4AD0300F5ECF8 /* Music.app */;
			productType = "com.apple.product-type.application";
		};
/* End PBXNativeTarget section */

/* Begin PBXProject section */
		7D639E8923E4AD0300F5ECF8 /* Project object */ = {
			isa = PBXProject;
			attributes = {
				LastSwiftUpdateCheck = 1130;
				LastUpgradeCheck = 1130;
				TargetAttributes = {
					7D639E9023E4AD0300F5ECF8 = {
						CreatedOnToolsVersion = 11.3;
					};
				};
			};
			buildConfigurationList = 7D639E8C23E4AD0300F5ECF8 /* Build configuration list for PBXProject "Music" */;
			compatibilityVersion = "Xcode 9.3";
			developmentRegion = en;
			hasScannedForEncodings = 0;
			knownRegions = (
				en,
				Base,
			);
			mainGroup = 7D639E8823E4AD0300F5ECF8;
			productRefGroup = 7D639E9223E4AD0300F5ECF8 /* Products */;
			projectDirPath = "";
			projectRoot = "";
			targets = (
				7D639E9023E4AD0300F5ECF8 /* Music */,
			);
		};
/* End PBXProject section */

/* Begin PBXResourcesBuildPhase section */
		7D639E8F23E4AD0300F5ECF8 /* Resources */ = {
			isa = PBXResourcesBuildPhase;
			buildActionMask = 2147483647;
			files = (
				7D639E9E23E4AD0400F5ECF8 /* Assets.xcassets in Resources */,
				7D639E9C23E4AD0300F5ECF8 /* Main.storyboard in Resources */,
			);
			runOnlyForDeploymentPostprocessing = 0;
		};
/* End PBXResourcesBuildPhase section */

/* Begin PBXSourcesBuildPhase section */
		7D639E8D23E4AD0300F5ECF8 /* Sources */ = {
			isa = PBXSourcesBuildPhase;
			buildActionMask = 2147483647;
			files = (
				7D0E5C9A23E77CF8007FF24C /* CoreMusic.xcdatamodeld in Sources */,
				7D639EAD23E6CD3C00F5ECF8 /* JsonModels.swift in Sources */,
				7D47565823E76ADE0080EAB2 /* FavoritesController.swift in Sources */,
				7D0E5C9F23E8CC3C007FF24C /* Protocols.swift in Sources */,
				7D47568123E778100080EAB2 /* CoreDB.swift in Sources */,
				7D0A400C23E71C1500EDCBBC /* PlayerController.swift in Sources */,
				7D639E9923E4AD0300F5ECF8 /* SearchController.swift in Sources */,
				7D639EB123E6F54400F5ECF8 /* MusicData.swift in Sources */,
				7D639E9523E4AD0300F5ECF8 /* AppDelegate.swift in Sources */,
				7D0E5C9D23E8197D007FF24C /* Cells.swift in Sources */,
				7D639E9723E4AD0300F5ECF8 /* SceneDelegate.swift in Sources */,
				7D639EB323E6F7A000F5ECF8 /* Artist.swift in Sources */,
			);
			runOnlyForDeploymentPostprocessing = 0;
		};
/* End PBXSourcesBuildPhase section */

/* Begin PBXVariantGroup section */
		7D639E9A23E4AD0300F5ECF8 /* Main.storyboard */ = {
			isa = PBXVariantGroup;
			children = (
				7D639E9B23E4AD0300F5ECF8 /* Base */,
			);
			name = Main.storyboard;
			sourceTree = "<group>";
		};
/* End PBXVariantGroup section */

/* Begin XCBuildConfiguration section */
		7D639EA323E4AD0400F5ECF8 /* Debug */ = {
			isa = XCBuildConfiguration;
			buildSettings = {
				ALWAYS_SEARCH_USER_PATHS = NO;
				CLANG_ANALYZER_NONNULL = YES;
				CLANG_ANALYZER_NUMBER_OBJECT_CONVERSION = YES_AGGRESSIVE;
				CLANG_CXX_LANGUAGE_STANDARD = "gnu++14";
				CLANG_CXX_LIBRARY = "libc++";
				CLANG_ENABLE_MODULES = YES;
				CLANG_ENABLE_OBJC_ARC = YES;
				CLANG_ENABLE_OBJC_WEAK = YES;
				CLANG_WARN_BLOCK_CAPTURE_AUTORELEASING = YES;
				CLANG_WARN_BOOL_CONVERSION = YES;
				CLANG_WARN_COMMA = YES;
				CLANG_WARN_CONSTANT_CONVERSION = YES;
				CLANG_WARN_DEPRECATED_OBJC_IMPLEMENTATIONS = YES;
				CLANG_WARN_DIRECT_OBJC_ISA_USAGE = YES_ERROR;
				CLANG_WARN_DOCUMENTATION_COMMENTS = YES;
				CLANG_WARN_EMPTY_BODY = YES;
				CLANG_WARN_ENUM_CONVERSION = YES;
				CLANG_WARN_INFINITE_RECURSION = YES;
				CLANG_WARN_INT_CONVERSION = YES;
				CLANG_WARN_NON_LITERAL_NULL_CONVERSION = YES;
				CLANG_WARN_OBJC_IMPLICIT_RETAIN_SELF = YES;
				CLANG_WARN_OBJC_LITERAL_CONVERSION = YES;
				CLANG_WARN_OBJC_ROOT_CLASS = YES_ERROR;
				CLANG_WARN_RANGE_LOOP_ANALYSIS = YES;
				CLANG_WARN_STRICT_PROTOTYPES = YES;
				CLANG_WARN_SUSPICIOUS_MOVE = YES;
				CLANG_WARN_UNGUARDED_AVAILABILITY = YES_AGGRESSIVE;
				CLANG_WARN_UNREACHABLE_CODE = YES;
				CLANG_WARN__DUPLICATE_METHOD_MATCH = YES;
				COPY_PHASE_STRIP = NO;
				DEBUG_INFORMATION_FORMAT = dwarf;
				ENABLE_STRICT_OBJC_MSGSEND = YES;
				ENABLE_TESTABILITY = YES;
				GCC_C_LANGUAGE_STANDARD = gnu11;
				GCC_DYNAMIC_NO_PIC = NO;
				GCC_NO_COMMON_BLOCKS = YES;
				GCC_OPTIMIZATION_LEVEL = 0;
				GCC_PREPROCESSOR_DEFINITIONS = (
					"DEBUG=1",
					"$(inherited)",
				);
				GCC_WARN_64_TO_32_BIT_CONVERSION = YES;
				GCC_WARN_ABOUT_RETURN_TYPE = YES_ERROR;
				GCC_WARN_UNDECLARED_SELECTOR = YES;
				GCC_WARN_UNINITIALIZED_AUTOS = YES_AGGRESSIVE;
				GCC_WARN_UNUSED_FUNCTION = YES;
				GCC_WARN_UNUSED_VARIABLE = YES;
				IPHONEOS_DEPLOYMENT_TARGET = 13.2;
				MTL_ENABLE_DEBUG_INFO = INCLUDE_SOURCE;
				MTL_FAST_MATH = YES;
				ONLY_ACTIVE_ARCH = YES;
				SDKROOT = iphoneos;
				SWIFT_ACTIVE_COMPILATION_CONDITIONS = DEBUG;
				SWIFT_OPTIMIZATION_LEVEL = "-Onone";
			};
			name = Debug;
		};
		7D639EA423E4AD0400F5ECF8 /* Release */ = {
			isa = XCBuildConfiguration;
			buildSettings = {
				ALWAYS_SEARCH_USER_PATHS = NO;
				CLANG_ANALYZER_NONNULL = YES;
				CLANG_ANALYZER_NUMBER_OBJECT_CONVERSION = YES_AGGRESSIVE;
				CLANG_CXX_LANGUAGE_STANDARD = "gnu++14";
				CLANG_CXX_LIBRARY = "libc++";
				CLANG_ENABLE_MODULES = YES;
				CLANG_ENABLE_OBJC_ARC = YES;
				CLANG_ENABLE_OBJC_WEAK = YES;
				CLANG_WARN_BLOCK_CAPTURE_AUTORELEASING = YES;
				CLANG_WARN_BOOL_CONVERSION = YES;
				CLANG_WARN_COMMA = YES;
				CLANG_WARN_CONSTANT_CONVERSION = YES;
				CLANG_WARN_DEPRECATED_OBJC_IMPLEMENTATIONS = YES;
				CLANG_WARN_DIRECT_OBJC_ISA_USAGE = YES_ERROR;
				CLANG_WARN_DOCUMENTATION_COMMENTS = YES;
				CLANG_WARN_EMPTY_BODY = YES;
				CLANG_WARN_ENUM_CONVERSION = YES;
				CLANG_WARN_INFINITE_RECURSION = YES;
				CLANG_WARN_INT_CONVERSION = YES;
				CLANG_WARN_NON_LITERAL_NULL_CONVERSION = YES;
				CLANG_WARN_OBJC_IMPLICIT_RETAIN_SELF = YES;
				CLANG_WARN_OBJC_LITERAL_CONVERSION = YES;
				CLANG_WARN_OBJC_ROOT_CLASS = YES_ERROR;
				CLANG_WARN_RANGE_LOOP_ANALYSIS = YES;
				CLANG_WARN_STRICT_PROTOTYPES = YES;
				CLANG_WARN_SUSPICIOUS_MOVE = YES;
				CLANG_WARN_UNGUARDED_AVAILABILITY = YES_AGGRESSIVE;
				CLANG_WARN_UNREACHABLE_CODE = YES;
				CLANG_WARN__DUPLICATE_METHOD_MATCH = YES;
				COPY_PHASE_STRIP = NO;
				DEBUG_INFORMATION_FORMAT = "dwarf-with-dsym";
				ENABLE_NS_ASSERTIONS = NO;
				ENABLE_STRICT_OBJC_MSGSEND = YES;
				GCC_C_LANGUAGE_STANDARD = gnu11;
				GCC_NO_COMMON_BLOCKS = YES;
				GCC_WARN_64_TO_32_BIT_CONVERSION = YES;
				GCC_WARN_ABOUT_RETURN_TYPE = YES_ERROR;
				GCC_WARN_UNDECLARED_SELECTOR = YES;
				GCC_WARN_UNINITIALIZED_AUTOS = YES_AGGRESSIVE;
				GCC_WARN_UNUSED_FUNCTION = YES;
				GCC_WARN_UNUSED_VARIABLE = YES;
				IPHONEOS_DEPLOYMENT_TARGET = 13.2;
				MTL_ENABLE_DEBUG_INFO = NO;
				MTL_FAST_MATH = YES;
				SDKROOT = iphoneos;
				SWIFT_COMPILATION_MODE = wholemodule;
				SWIFT_OPTIMIZATION_LEVEL = "-O";
				VALIDATE_PRODUCT = YES;
			};
			name = Release;
		};
		7D639EA623E4AD0400F5ECF8 /* Debug */ = {
			isa = XCBuildConfiguration;
			buildSettings = {
				ASSETCATALOG_COMPILER_APPICON_NAME = AppIcon;
				CODE_SIGN_STYLE = Automatic;
				DEVELOPMENT_TEAM = 765F9357QN;
				INFOPLIST_FILE = Music/Info.plist;
				LD_RUNPATH_SEARCH_PATHS = (
					"$(inherited)",
					"@executable_path/Frameworks",
				);
				PRODUCT_BUNDLE_IDENTIFIER = com.Music;
				PRODUCT_NAME = "$(TARGET_NAME)";
				SWIFT_VERSION = 5.0;
				TARGETED_DEVICE_FAMILY = "1,2";
			};
			name = Debug;
		};
		7D639EA723E4AD0400F5ECF8 /* Release */ = {
			isa = XCBuildConfiguration;
			buildSettings = {
				ASSETCATALOG_COMPILER_APPICON_NAME = AppIcon;
				CODE_SIGN_STYLE = Automatic;
				DEVELOPMENT_TEAM = 765F9357QN;
				INFOPLIST_FILE = Music/Info.plist;
				LD_RUNPATH_SEARCH_PATHS = (
					"$(inherited)",
					"@executable_path/Frameworks",
				);
				PRODUCT_BUNDLE_IDENTIFIER = com.Music;
				PRODUCT_NAME = "$(TARGET_NAME)";
				SWIFT_VERSION = 5.0;
				TARGETED_DEVICE_FAMILY = "1,2";
			};
			name = Release;
		};
/* End XCBuildConfiguration section */

/* Begin XCConfigurationList section */
		7D639E8C23E4AD0300F5ECF8 /* Build configuration list for PBXProject "Music" */ = {
			isa = XCConfigurationList;
			buildConfigurations = (
				7D639EA323E4AD0400F5ECF8 /* Debug */,
				7D639EA423E4AD0400F5ECF8 /* Release */,
			);
			defaultConfigurationIsVisible = 0;
			defaultConfigurationName = Release;
		};
		7D639EA523E4AD0400F5ECF8 /* Build configuration list for PBXNativeTarget "Music" */ = {
			isa = XCConfigurationList;
			buildConfigurations = (
				7D639EA623E4AD0400F5ECF8 /* Debug */,
				7D639EA723E4AD0400F5ECF8 /* Release */,
			);
			defaultConfigurationIsVisible = 0;
			defaultConfigurationName = Release;
		};
/* End XCConfigurationList section */

/* Begin XCVersionGroup section */
		7D47567D23E7779A0080EAB2 /* CoreMusic.xcdatamodeld */ = {
			isa = XCVersionGroup;
			children = (
				7D47567E23E7779A0080EAB2 /* Music.xcdatamodel */,
			);
			currentVersion = 7D47567E23E7779A0080EAB2 /* Music.xcdatamodel */;
			path = CoreMusic.xcdatamodeld;
			sourceTree = "<group>";
			versionGroupType = wrapper.xcdatamodel;
		};
/* End XCVersionGroup section */
	};
	rootObject = 7D639E8923E4AD0300F5ECF8 /* Project object */;
}
